
Microsoft Visual Studio Solution File, Format Version 12.00
# Visual Studio Version 17
VisualStudioVersion = 17.4.33213.308
MinimumVisualStudioVersion = 10.0.40219.1
Project("{FAE04EC0-301F-11D3-BF4B-00C04F79EFBC}") = "JokesWebApp", "JokesWebApp\JokesWebApp.csproj", "{53DB5737-5FF9-4A94-BDD6-BE3CD88587A3}"
EndProject
Global
	GlobalSection(SolutionConfigurationPlatforms) = preSolution
		Debug|Any CPU = Debug|Any CPU
		Release|Any CPU = Release|Any CPU
	EndGlobalSection
	GlobalSection(ProjectConfigurationPlatforms) = postSolution
		{53DB5737-5FF9-4A94-BDD6-BE3CD88587A3}.Debug|Any CPU.ActiveCfg = Debug|Any CPU
		{53DB5737-5FF9-4A94-BDD6-BE3CD88587A3}.Debug|Any CPU.Build.0 = Debug|Any CPU
		{53DB5737-5FF9-4A94-BDD6-BE3CD88587A3}.Release|Any CPU.ActiveCfg = Release|Any CPU
		{53DB5737-5FF9-4A94-BDD6-BE3CD88587A3}.Release|Any CPU.Build.0 = Release|Any CPU
	EndGlobalSection
	GlobalSection(SolutionProperties) = preSolution
		HideSolutionNode = FALSE
	EndGlobalSection
	GlobalSection(ExtensibilityGlobals) = postSolution
		SolutionGuid = {12772C47-E8FF-4C01-A8BC-774AF98F8775}
	EndGlobalSection
EndGlobal
